GEM
  remote: https://rubygems.org/
  specs:
    bigdecimal (4.1.2)
    concurrent-ruby (1.3.8)
    diff-lcs (1.6.2)
    ffi (1.17.4)
    ffi (1.17.4-aarch64-linux-gnu)
    ffi (1.17.4-aarch64-linux-musl)
    ffi (1.17.4-arm64-darwin)
    ffi (1.17.4-x86_64-darwin)
    ffi (1.17.4-x86_64-linux-gnu)
    ffi (1.17.4-x86_64-linux-musl)
    hana (1.3.7)
    json (2.21.2)
    json_schemer (2.5.0)
      bigdecimal
      hana (~> 1.3)
      regexp_parser (~> 2.0)
      simpleidn (~> 0.2)
    logger (1.7.0)
    mini_portile2 (2.8.9)
    pg (1.6.3)
    pg (1.6.3-aarch64-linux)
    pg (1.6.3-aarch64-linux-musl)
    pg (1.6.3-arm64-darwin)
    pg (1.6.3-x86_64-darwin)
    pg (1.6.3-x86_64-linux)
    pg (1.6.3-x86_64-linux-musl)
    rake (13.4.2)
    rdkafka (0.29.0)
      ffi (~> 1.17.1)
      json (> 2.0)
      logger
      mini_portile2 (~> 2.6)
      rake (> 12)
    rdkafka (0.29.0-aarch64-linux-gnu)
      ffi (~> 1.17.1)
      json (> 2.0)
      logger
      mini_portile2 (~> 2.6)
      rake (> 12)
    rdkafka (0.29.0-aarch64-linux-musl)
      ffi (~> 1.17.1)
      json (> 2.0)
      logger
      mini_portile2 (~> 2.6)
      rake (> 12)
    rdkafka (0.29.0-arm64-darwin)
      ffi (~> 1.17.1)
      json (> 2.0)
      logger
      mini_portile2 (~> 2.6)
      rake (> 12)
    rdkafka (0.29.0-x86_64-linux-gnu)
      ffi (~> 1.17.1)
      json (> 2.0)
      logger
      mini_portile2 (~> 2.6)
      rake (> 12)
    rdkafka (0.29.0-x86_64-linux-musl)
      ffi (~> 1.17.1)
      json (> 2.0)
      logger
      mini_portile2 (~> 2.6)
      rake (> 12)
    regexp_parser (2.12.0)
    rspec (3.13.2)
      rspec-core (~> 3.13.0)
      rspec-expectations (~> 3.13.0)
      rspec-mocks (~> 3.13.0)
    rspec-core (3.13.6)
      rspec-support (~> 3.13.0)
    rspec-expectations (3.13.5)
      diff-lcs (>= 1.2.0, < 2.0)
      rspec-support (~> 3.13.0)
    rspec-mocks (3.13.8)
      diff-lcs (>= 1.2.0, < 2.0)
      rspec-support (~> 3.13.0)
    rspec-support (3.13.7)
    simpleidn (0.2.3)

PLATFORMS
  aarch64-linux
  aarch64-linux-musl
  arm64-darwin
  ruby
  x86_64-darwin
  x86_64-linux
  x86_64-linux-musl

DEPENDENCIES
  concurrent-ruby (~> 1.3)
  json_schemer (~> 2.3)
  pg (~> 1.5)
  rdkafka (~> 0.19)
  rspec (~> 3.13)

CHECKSUMS
  bigdecimal (4.1.2) sha256=53d217666027eab4280346fba98e7d5b66baaae1b9c3c1c0ffe89d48188a3fbd
  bundler (4.0.17) sha256=214e21431b5665dd2f99df8a5511c6b151d7a72e8015c8b38f8b775b61cbb6c1
  concurrent-ruby (1.3.8) sha256=b2f1be836e968ccc78ccfce277ea79c72a88633f22306782c16ff23fb415d1e1
  diff-lcs (1.6.2) sha256=9ae0d2cba7d4df3075fe8cd8602a8604993efc0dfa934cff568969efb1909962
  ffi (1.17.4) sha256=bcd1642e06f0d16fc9e09ac6d49c3a7298b9789bcb58127302f934e437d60acf
  ffi (1.17.4-aarch64-linux-gnu) sha256=b208f06f91ffd8f5e1193da3cae3d2ccfc27fc36fba577baf698d26d91c080df
  ffi (1.17.4-aarch64-linux-musl) sha256=9286b7a615f2676245283aef0a0a3b475ae3aae2bb5448baace630bb77b91f39
  ffi (1.17.4-arm64-darwin) sha256=19071aaf1419251b0a46852abf960e77330a3b334d13a4ab51d58b31a937001b
  ffi (1.17.4-x86_64-darwin) sha256=aa70390523cf3235096cf64962b709b4cfbd5c082a2cb2ae714eb0fe2ccda496
  ffi (1.17.4-x86_64-linux-gnu) sha256=9d3db14c2eae074b382fa9c083fe95aec6e0a1451da249eab096c34002bc752d
  ffi (1.17.4-x86_64-linux-musl) sha256=3fdf9888483de005f8ef8d1cf2d3b20d86626af206cbf780f6a6a12439a9c49e
  hana (1.3.7) sha256=5425db42d651fea08859811c29d20446f16af196308162894db208cac5ce9b0d
  json (2.21.2) sha256=1f1d3b7cf2b3ba1a69beca0bb6db13d5438b80bff3cd54cdaaa620b9b07c1c6a
  json_schemer (2.5.0) sha256=2f01fb4cce721a4e08dd068fc2030cffd0702a7f333f1ea2be6e8991f00ae396
  logger (1.7.0) sha256=196edec7cc44b66cfb40f9755ce11b392f21f7967696af15d274dde7edff0203
  mini_portile2 (2.8.9) sha256=0cd7c7f824e010c072e33f68bc02d85a00aeb6fce05bb4819c03dfd3c140c289
  pg (1.6.3) sha256=1388d0563e13d2758c1089e35e973a3249e955c659592d10e5b77c468f628a99
  pg (1.6.3-aarch64-linux) sha256=0698ad563e02383c27510b76bf7d4cd2de19cd1d16a5013f375dd473e4be72ea
  pg (1.6.3-aarch64-linux-musl) sha256=06a75f4ea04b05140146f2a10550b8e0d9f006a79cdaf8b5b130cde40e3ecc2c
  pg (1.6.3-arm64-darwin) sha256=7240330b572e6355d7c75a7de535edb5dfcbd6295d9c7777df4d9dddfb8c0e5f
  pg (1.6.3-x86_64-darwin) sha256=ee2e04a17c0627225054ffeb43e31a95be9d7e93abda2737ea3ce4a62f2729d6
  pg (1.6.3-x86_64-linux) sha256=5d9e188c8f7a0295d162b7b88a768d8452a899977d44f3274d1946d67920ae8d
  pg (1.6.3-x86_64-linux-musl) sha256=9c9c90d98c72f78eb04c0f55e9618fe55d1512128e411035fe229ff427864009
  rake (13.4.2) sha256=cb825b2bd5f1f8e91ca37bddb4b9aaf345551b4731da62949be002fa89283701
  rdkafka (0.29.0) sha256=217e6d59e2ccf6520d0f82315c1927a506953068993f515d6b7064d29d11a393
  rdkafka (0.29.0-aarch64-linux-gnu) sha256=099db18ab0fcfd1f13ac15ed32bc0855f8ca7a6f8cc48be35f91290dd88b6190
  rdkafka (0.29.0-aarch64-linux-musl) sha256=ab05195a84f504e4fae7ed51592ed15836e1033b2fbd62043953bc447dec01e5
  rdkafka (0.29.0-arm64-darwin) sha256=42612df6eda0b1413d91d105658e9e05899b8219d00b8a8f8a56a50025344900
  rdkafka (0.29.0-x86_64-linux-gnu) sha256=9bc3fdc9e1a4a5835d89affb5b64c7647382e0bf330fe614de08c47049a289d6
  rdkafka (0.29.0-x86_64-linux-musl) sha256=f5d892baf99ee0efb1bafe21cf7cbde9b37e006a61d04270e2ec2b34cf910ea7
  regexp_parser (2.12.0) sha256=35a916a1d63190ab5c9009457136ae5f3c0c7512d60291d0d1378ba18ce08ebb
  rspec (3.13.2) sha256=206284a08ad798e61f86d7ca3e376718d52c0bc944626b2349266f239f820587
  rspec-core (3.13.6) sha256=a8823c6411667b60a8bca135364351dda34cd55e44ff94c4be4633b37d828b2d
  rspec-expectations (3.13.5) sha256=33a4d3a1d95060aea4c94e9f237030a8f9eae5615e9bd85718fe3a09e4b58836
  rspec-mocks (3.13.8) sha256=086ad3d3d17533f4237643de0b5c42f04b66348c28bf6b9c2d3f4a3b01af1d47
  rspec-support (3.13.7) sha256=0640e5570872aafefd79867901deeeeb40b0c9875a36b983d85f54fb7381c47c
  simpleidn (0.2.3) sha256=08ce96f03fa1605286be22651ba0fc9c0b2d6272c9b27a260bc88be05b0d2c29

RUBY VERSION
  ruby 3.2.3

BUNDLED WITH
  4.0.17
